// !$*UTF8*$!
{
	archiveVersion = 1;
	classes = {
	};
	objectVersion = 50;
	objects = {

/* Begin PBXBuildFile section */
		A1782AA12284247800F36329 /* AppDelegate.m in Sources */ = {isa = PBXBuildFile; fileRef = A1782AA02284247800F36329 /* AppDelegate.m */; };
		A1782AA42284247800F36329 /* ViewController.m in Sources */ = {isa = PBXBuildFile; fileRef = A1782AA32284247800F36329 /* ViewController.m */; };
		A1782AA72284247800F36329 /* Main.storyboard in Resources */ = {isa = PBXBuildFile; fileRef = A1782AA52284247800F36329 /* Main.storyboard */; };
		A1782AA92284247A00F36329 /* Assets.xcassets in Resources */ = {isa = PBXBuildFile; fileRef = A1782AA82284247A00F36329 /* Assets.xcassets */; };
		A1782AAC2284247A00F36329 /* LaunchScreen.storyboard in Resources */ = {isa = PBXBuildFile; fileRef = A1782AAA2284247A00F36329 /* LaunchScreen.storyboard */; };
		A1782AAF2284247A00F36329 /* main.m in Sources */ = {isa = PBXBuildFile; fileRef = A1782AAE2284247A00F36329 /* main.m */; };
		A1782AB822854DED00F36329 /* MJBaseDemo.m in Sources */ = {isa = PBXBuildFile; fileRef = A1782AB722854DED00F36329 /* MJBaseDemo.m */; };
		A1782ABB2285518000F36329 /* OSSpinLockDemo.m in Sources */ = {isa = PBXBuildFile; fileRef = A1782ABA2285518000F36329 /* OSSpinLockDemo.m */; };
		A1782ABE2285641D00F36329 /* OSSpinLockDemo2.m in Sources */ = {isa = PBXBuildFile; fileRef = A1782ABD2285641D00F36329 /* OSSpinLockDemo2.m */; };
		A1782AC122856A1B00F36329 /* OSUnfairLockDemo.m in Sources */ = {isa = PBXBuildFile; fileRef = A1782AC022856A1B00F36329 /* OSUnfairLockDemo.m */; };
		A1782AC42285844A00F36329 /* MutexDemo.m in Sources */ = {isa = PBXBuildFile; fileRef = A1782AC32285844A00F36329 /* MutexDemo.m */; };
		A1782AC722866E1800F36329 /* MutexDemo3.m in Sources */ = {isa = PBXBuildFile; fileRef = A1782AC622866E1800F36329 /* MutexDemo3.m */; };
		A1782ACA2286788A00F36329 /* NSLockDemo.m in Sources */ = {isa = PBXBuildFile; fileRef = A1782AC92286788A00F36329 /* NSLockDemo.m */; };
		A1782ACD22867B7700F36329 /* NSConditionDemo.m in Sources */ = {isa = PBXBuildFile; fileRef = A1782ACC22867B7700F36329 /* NSConditionDemo.m */; };
		A1782AD022868B7100F36329 /* NSConditionLockDemo.m in Sources */ = {isa = PBXBuildFile; fileRef = A1782ACF22868B7100F36329 /* NSConditionLockDemo.m */; };
		A1782AD322868ECF00F36329 /* SerialQueueDemo.m in Sources */ = {isa = PBXBuildFile; fileRef = A1782AD222868ECF00F36329 /* SerialQueueDemo.m */; };
		A1782AD62286C15600F36329 /* SemaphoreDemo.m in Sources */ = {isa = PBXBuildFile; fileRef = A1782AD52286C15600F36329 /* SemaphoreDemo.m */; };
		A1782AD92286CEFA00F36329 /* SynchronizedDemo.m in Sources */ = {isa = PBXBuildFile; fileRef = A1782AD82286CEFA00F36329 /* SynchronizedDemo.m */; };
		A1782ADC228716ED00F36329 /* RWLockDemo.m in Sources */ = {isa = PBXBuildFile; fileRef = A1782ADB228716ED00F36329 /* RWLockDemo.m */; };
		A1782ADF22871D5F00F36329 /* BarrierDemo.m in Sources */ = {isa = PBXBuildFile; fileRef = A1782ADE22871D5F00F36329 /* BarrierDemo.m */; };
/* End PBXBuildFile section */

/* Begin PBXFileReference section */
		A1782A9C2284247800F36329 /* GCD-lock.app */ = {isa = PBXFileReference; explicitFileType = wrapper.application; includeInIndex = 0; path = "GCD-lock.app"; sourceTree = BUILT_PRODUCTS_DIR; };
		A1782A9F2284247800F36329 /* AppDelegate.h */ = {isa = PBXFileReference; lastKnownFileType = sourcecode.c.h; path = AppDelegate.h; sourceTree = "<group>"; };
		A1782AA02284247800F36329 /* AppDelegate.m */ = {isa = PBXFileReference; lastKnownFileType = sourcecode.c.objc; path = AppDelegate.m; sourceTree = "<group>"; };
		A1782AA22284247800F36329 /* ViewController.h */ = {isa = PBXFileReference; lastKnownFileType = sourcecode.c.h; path = ViewController.h; sourceTree = "<group>"; };
		A1782AA32284247800F36329 /* ViewController.m */ = {isa = PBXFileReference; lastKnownFileType = sourcecode.c.objc; path = ViewController.m; sourceTree = "<group>"; };
		A1782AA62284247800F36329 /* Base */ = {isa = PBXFileReference; lastKnownFileType = file.storyboard; name = Base; path = Base.lproj/Main.storyboard; sourceTree = "<group>"; };
		A1782AA82284247A00F36329 /* Assets.xcassets */ = {isa = PBXFileReference; lastKnownFileType = folder.assetcatalog; path = Assets.xcassets; sourceTree = "<group>"; };
		A1782AAB2284247A00F36329 /* Base */ = {isa = PBXFileReference; lastKnownFileType = file.storyboard; name = Base; path = Base.lproj/LaunchScreen.storyboard; sourceTree = "<group>"; };
		A1782AAD2284247A00F36329 /* Info.plist */ = {isa = PBXFileReference; lastKnownFileType = text.plist.xml; path = Info.plist; sourceTree = "<group>"; };
		A1782AAE2284247A00F36329 /* main.m */ = {isa = PBXFileReference; lastKnownFileType = sourcecode.c.objc; path = main.m; sourceTree = "<group>"; };
		A1782AB622854DED00F36329 /* MJBaseDemo.h */ = {isa = PBXFileReference; lastKnownFileType = sourcecode.c.h; path = MJBaseDemo.h; sourceTree = "<group>"; };
		A1782AB722854DED00F36329 /* MJBaseDemo.m */ = {isa = PBXFileReference; lastKnownFileType = sourcecode.c.objc; path = MJBaseDemo.m; sourceTree = "<group>"; };
		A1782AB92285518000F36329 /* OSSpinLockDemo.h */ = {isa = PBXFileReference; lastKnownFileType = sourcecode.c.h; path = OSSpinLockDemo.h; sourceTree = "<group>"; };
		A1782ABA2285518000F36329 /* OSSpinLockDemo.m */ = {isa = PBXFileReference; lastKnownFileType = sourcecode.c.objc; path = OSSpinLockDemo.m; sourceTree = "<group>"; };
		A1782ABC2285641D00F36329 /* OSSpinLockDemo2.h */ = {isa = PBXFileReference; lastKnownFileType = sourcecode.c.h; path = OSSpinLockDemo2.h; sourceTree = "<group>"; };
		A1782ABD2285641D00F36329 /* OSSpinLockDemo2.m */ = {isa = PBXFileReference; lastKnownFileType = sourcecode.c.objc; path = OSSpinLockDemo2.m; sourceTree = "<group>"; };
		A1782ABF22856A1B00F36329 /* OSUnfairLockDemo.h */ = {isa = PBXFileReference; lastKnownFileType = sourcecode.c.h; path = OSUnfairLockDemo.h; sourceTree = "<group>"; };
		A1782AC022856A1B00F36329 /* OSUnfairLockDemo.m */ = {isa = PBXFileReference; lastKnownFileType = sourcecode.c.objc; path = OSUnfairLockDemo.m; sourceTree = "<group>"; };
		A1782AC22285844A00F36329 /* MutexDemo.h */ = {isa = PBXFileReference; lastKnownFileType = sourcecode.c.h; path = MutexDemo.h; sourceTree = "<group>"; };
		A1782AC32285844A00F36329 /* MutexDemo.m */ = {isa = PBXFileReference; lastKnownFileType = sourcecode.c.objc; path = MutexDemo.m; sourceTree = "<group>"; };
		A1782AC522866E1800F36329 /* MutexDemo3.h */ = {isa = PBXFileReference; lastKnownFileType = sourcecode.c.h; path = MutexDemo3.h; sourceTree = "<group>"; };
		A1782AC622866E1800F36329 /* MutexDemo3.m */ = {isa = PBXFileReference; lastKnownFileType = sourcecode.c.objc; path = MutexDemo3.m; sourceTree = "<group>"; };
		A1782AC82286788A00F36329 /* NSLockDemo.h */ = {isa = PBXFileReference; lastKnownFileType = sourcecode.c.h; path = NSLockDemo.h; sourceTree = "<group>"; };
		A1782AC92286788A00F36329 /* NSLockDemo.m */ = {isa = PBXFileReference; lastKnownFileType = sourcecode.c.objc; path = NSLockDemo.m; sourceTree = "<group>"; };
		A1782ACB22867B7700F36329 /* NSConditionDemo.h */ = {isa = PBXFileReference; lastKnownFileType = sourcecode.c.h; path = NSConditionDemo.h; sourceTree = "<group>"; };
		A1782ACC22867B7700F36329 /* NSConditionDemo.m */ = {isa = PBXFileReference; lastKnownFileType = sourcecode.c.objc; path = NSConditionDemo.m; sourceTree = "<group>"; };
		A1782ACE22868B7100F36329 /* NSConditionLockDemo.h */ = {isa = PBXFileReference; lastKnownFileType = sourcecode.c.h; path = NSConditionLockDemo.h; sourceTree = "<group>"; };
		A1782ACF22868B7100F36329 /* NSConditionLockDemo.m */ = {isa = PBXFileReference; lastKnownFileType = sourcecode.c.objc; path = NSConditionLockDemo.m; sourceTree = "<group>"; };
		A1782AD122868ECF00F36329 /* SerialQueueDemo.h */ = {isa = PBXFileReference; lastKnownFileType = sourcecode.c.h; path = SerialQueueDemo.h; sourceTree = "<group>"; };
		A1782AD222868ECF00F36329 /* SerialQueueDemo.m */ = {isa = PBXFileReference; lastKnownFileType = sourcecode.c.objc; path = SerialQueueDemo.m; sourceTree = "<group>"; };
		A1782AD42286C15600F36329 /* SemaphoreDemo.h */ = {isa = PBXFileReference; lastKnownFileType = sourcecode.c.h; path = SemaphoreDemo.h; sourceTree = "<group>"; };
		A1782AD52286C15600F36329 /* SemaphoreDemo.m */ = {isa = PBXFileReference; lastKnownFileType = sourcecode.c.objc; path = SemaphoreDemo.m; sourceTree = "<group>"; };
		A1782AD72286CEFA00F36329 /* SynchronizedDemo.h */ = {isa = PBXFileReference; lastKnownFileType = sourcecode.c.h; path = SynchronizedDemo.h; sourceTree = "<group>"; };
		A1782AD82286CEFA00F36329 /* SynchronizedDemo.m */ = {isa = PBXFileReference; lastKnownFileType = sourcecode.c.objc; path = SynchronizedDemo.m; sourceTree = "<group>"; };
		A1782ADA228716ED00F36329 /* RWLockDemo.h */ = {isa = PBXFileReference; lastKnownFileType = sourcecode.c.h; path = RWLockDemo.h; sourceTree = "<group>"; };
		A1782ADB228716ED00F36329 /* RWLockDemo.m */ = {isa = PBXFileReference; lastKnownFileType = sourcecode.c.objc; path = RWLockDemo.m; sourceTree = "<group>"; };
		A1782ADD22871D5F00F36329 /* BarrierDemo.h */ = {isa = PBXFileReference; lastKnownFileType = sourcecode.c.h; path = BarrierDemo.h; sourceTree = "<group>"; };
		A1782ADE22871D5F00F36329 /* BarrierDemo.m */ = {isa = PBXFileReference; lastKnownFileType = sourcecode.c.objc; path = BarrierDemo.m; sourceTree = "<group>"; };
/* End PBXFileReference section */

/* Begin PBXFrameworksBuildPhase section */
		A1782A992284247800F36329 /* Frameworks */ = {
			isa = PBXFrameworksBuildPhase;
			buildActionMask = 2147483647;
			files = (
			);
			runOnlyForDeploymentPostprocessing = 0;
		};
/* End PBXFrameworksBuildPhase section */

/* Begin PBXGroup section */
		A1782A932284247800F36329 = {
			isa = PBXGroup;
			children = (
				A1782A9E2284247800F36329 /* GCD-lock */,
				A1782A9D2284247800F36329 /* Products */,
			);
			sourceTree = "<group>";
		};
		A1782A9D2284247800F36329 /* Products */ = {
			isa = PBXGroup;
			children = (
				A1782A9C2284247800F36329 /* GCD-lock.app */,
			);
			name = Products;
			sourceTree = "<group>";
		};
		A1782A9E2284247800F36329 /* GCD-lock */ = {
			isa = PBXGroup;
			children = (
				A1782AB522854DC400F36329 /* Lock */,
				A1782A9F2284247800F36329 /* AppDelegate.h */,
				A1782AA02284247800F36329 /* AppDelegate.m */,
				A1782AA22284247800F36329 /* ViewController.h */,
				A1782AA32284247800F36329 /* ViewController.m */,
				A1782AA52284247800F36329 /* Main.storyboard */,
				A1782AA82284247A00F36329 /* Assets.xcassets */,
				A1782AAA2284247A00F36329 /* LaunchScreen.storyboard */,
				A1782AAD2284247A00F36329 /* Info.plist */,
				A1782AAE2284247A00F36329 /* main.m */,
			);
			path = "GCD-lock";
			sourceTree = "<group>";
		};
		A1782AB522854DC400F36329 /* Lock */ = {
			isa = PBXGroup;
			children = (
				A1782AB622854DED00F36329 /* MJBaseDemo.h */,
				A1782AB722854DED00F36329 /* MJBaseDemo.m */,
				A1782AB92285518000F36329 /* OSSpinLockDemo.h */,
				A1782ABA2285518000F36329 /* OSSpinLockDemo.m */,
				A1782ABC2285641D00F36329 /* OSSpinLockDemo2.h */,
				A1782ABD2285641D00F36329 /* OSSpinLockDemo2.m */,
				A1782ABF22856A1B00F36329 /* OSUnfairLockDemo.h */,
				A1782AC022856A1B00F36329 /* OSUnfairLockDemo.m */,
				A1782AC22285844A00F36329 /* MutexDemo.h */,
				A1782AC32285844A00F36329 /* MutexDemo.m */,
				A1782AC522866E1800F36329 /* MutexDemo3.h */,
				A1782AC622866E1800F36329 /* MutexDemo3.m */,
				A1782AC82286788A00F36329 /* NSLockDemo.h */,
				A1782AC92286788A00F36329 /* NSLockDemo.m */,
				A1782ACB22867B7700F36329 /* NSConditionDemo.h */,
				A1782ACC22867B7700F36329 /* NSConditionDemo.m */,
				A1782ACE22868B7100F36329 /* NSConditionLockDemo.h */,
				A1782ACF22868B7100F36329 /* NSConditionLockDemo.m */,
				A1782AD122868ECF00F36329 /* SerialQueueDemo.h */,
				A1782AD222868ECF00F36329 /* SerialQueueDemo.m */,
				A1782AD42286C15600F36329 /* SemaphoreDemo.h */,
				A1782AD52286C15600F36329 /* SemaphoreDemo.m */,
				A1782AD72286CEFA00F36329 /* SynchronizedDemo.h */,
				A1782AD82286CEFA00F36329 /* SynchronizedDemo.m */,
				A1782ADA228716ED00F36329 /* RWLockDemo.h */,
				A1782ADB228716ED00F36329 /* RWLockDemo.m */,
				A1782ADD22871D5F00F36329 /* BarrierDemo.h */,
				A1782ADE22871D5F00F36329 /* BarrierDemo.m */,
			);
			path = Lock;
			sourceTree = "<group>";
		};
/* End PBXGroup section */

/* Begin PBXNativeTarget section */
		A1782A9B2284247800F36329 /* GCD-lock */ = {
			isa = PBXNativeTarget;
			buildConfigurationList = A1782AB22284247A00F36329 /* Build configuration list for PBXNativeTarget "GCD-lock" */;
			buildPhases = (
				A1782A982284247800F36329 /* Sources */,
				A1782A992284247800F36329 /* Frameworks */,
				A1782A9A2284247800F36329 /* Resources */,
			);
			buildRules = (
			);
			dependencies = (
			);
			name = "GCD-lock";
			productName = "GCD-lock";
			productReference = A1782A9C2284247800F36329 /* GCD-lock.app */;
			productType = "com.apple.product-type.application";
		};
/* End PBXNativeTarget section */

/* Begin PBXProject section */
		A1782A942284247800F36329 /* Project object */ = {
			isa = PBXProject;
			attributes = {
				LastUpgradeCheck = 1020;
				ORGANIZATIONNAME = Andy;
				TargetAttributes = {
					A1782A9B2284247800F36329 = {
						CreatedOnToolsVersion = 10.2;
					};
				};
			};
			buildConfigurationList = A1782A972284247800F36329 /* Build configuration list for PBXProject "GCD-lock" */;
			compatibilityVersion = "Xcode 9.3";
			developmentRegion = en;
			hasScannedForEncodings = 0;
			knownRegions = (
				en,
				Base,
			);
			mainGroup = A1782A932284247800F36329;
			productRefGroup = A1782A9D2284247800F36329 /* Products */;
			projectDirPath = "";
			projectRoot = "";
			targets = (
				A1782A9B2284247800F36329 /* GCD-lock */,
			);
		};
/* End PBXProject section */

/* Begin PBXResourcesBuildPhase section */
		A1782A9A2284247800F36329 /* Resources */ = {
			isa = PBXResourcesBuildPhase;
			buildActionMask = 2147483647;
			files = (
				A1782AAC2284247A00F36329 /* LaunchScreen.storyboard in Resources */,
				A1782AA92284247A00F36329 /* Assets.xcassets in Resources */,
				A1782AA72284247800F36329 /* Main.storyboard in Resources */,
			);
			runOnlyForDeploymentPostprocessing = 0;
		};
/* End PBXResourcesBuildPhase section */

/* Begin PBXSourcesBuildPhase section */
		A1782A982284247800F36329 /* Sources */ = {
			isa = PBXSourcesBuildPhase;
			buildActionMask = 2147483647;
			files = (
				A1782AC122856A1B00F36329 /* OSUnfairLockDemo.m in Sources */,
				A1782ACD22867B7700F36329 /* NSConditionDemo.m in Sources */,
				A1782AA42284247800F36329 /* ViewController.m in Sources */,
				A1782AD322868ECF00F36329 /* SerialQueueDemo.m in Sources */,
				A1782ABB2285518000F36329 /* OSSpinLockDemo.m in Sources */,
				A1782ABE2285641D00F36329 /* OSSpinLockDemo2.m in Sources */,
				A1782AD92286CEFA00F36329 /* SynchronizedDemo.m in Sources */,
				A1782ACA2286788A00F36329 /* NSLockDemo.m in Sources */,
				A1782AD022868B7100F36329 /* NSConditionLockDemo.m in Sources */,
				A1782ADF22871D5F00F36329 /* BarrierDemo.m in Sources */,
				A1782AAF2284247A00F36329 /* main.m in Sources */,
				A1782AD62286C15600F36329 /* SemaphoreDemo.m in Sources */,
				A1782AB822854DED00F36329 /* MJBaseDemo.m in Sources */,
				A1782AC42285844A00F36329 /* MutexDemo.m in Sources */,
				A1782AA12284247800F36329 /* AppDelegate.m in Sources */,
				A1782ADC228716ED00F36329 /* RWLockDemo.m in Sources */,
				A1782AC722866E1800F36329 /* MutexDemo3.m in Sources */,
			);
			runOnlyForDeploymentPostprocessing = 0;
		};
/* End PBXSourcesBuildPhase section */

/* Begin PBXVariantGroup section */
		A1782AA52284247800F36329 /* Main.storyboard */ = {
			isa = PBXVariantGroup;
			children = (
				A1782AA62284247800F36329 /* Base */,
			);
			name = Main.storyboard;
			sourceTree = "<group>";
		};
		A1782AAA2284247A00F36329 /* LaunchScreen.storyboard */ = {
			isa = PBXVariantGroup;
			children = (
				A1782AAB2284247A00F36329 /* Base */,
			);
			name = LaunchScreen.storyboard;
			sourceTree = "<group>";
		};
/* End PBXVariantGroup section */

/* Begin XCBuildConfiguration section */
		A1782AB02284247A00F36329 /* Debug */ = {
			isa = XCBuildConfiguration;
			buildSettings = {
				ALWAYS_SEARCH_USER_PATHS = NO;
				CLANG_ANALYZER_NONNULL = YES;
				CLANG_ANALYZER_NUMBER_OBJECT_CONVERSION = YES_AGGRESSIVE;
				CLANG_CXX_LANGUAGE_STANDARD = "gnu++14";
				CLANG_CXX_LIBRARY = "libc++";
				CLANG_ENABLE_MODULES = YES;
				CLANG_ENABLE_OBJC_ARC = YES;
				CLANG_ENABLE_OBJC_WEAK = YES;
				CLANG_WARN_BLOCK_CAPTURE_AUTORELEASING = YES;
				CLANG_WARN_BOOL_CONVERSION = YES;
				CLANG_WARN_COMMA = YES;
				CLANG_WARN_CONSTANT_CONVERSION = YES;
				CLANG_WARN_DEPRECATED_OBJC_IMPLEMENTATIONS = YES;
				CLANG_WARN_DIRECT_OBJC_ISA_USAGE = YES_ERROR;
				CLANG_WARN_DOCUMENTATION_COMMENTS = YES;
				CLANG_WARN_EMPTY_BODY = YES;
				CLANG_WARN_ENUM_CONVERSION = YES;
				CLANG_WARN_INFINITE_RECURSION = YES;
				CLANG_WARN_INT_CONVERSION = YES;
				CLANG_WARN_NON_LITERAL_NULL_CONVERSION = YES;
				CLANG_WARN_OBJC_IMPLICIT_RETAIN_SELF = YES;
				CLANG_WARN_OBJC_LITERAL_CONVERSION = YES;
				CLANG_WARN_OBJC_ROOT_CLASS = YES_ERROR;
				CLANG_WARN_RANGE_LOOP_ANALYSIS = YES;
				CLANG_WARN_STRICT_PROTOTYPES = YES;
				CLANG_WARN_SUSPICIOUS_MOVE = YES;
				CLANG_WARN_UNGUARDED_AVAILABILITY = YES_AGGRESSIVE;
				CLANG_WARN_UNREACHABLE_CODE = YES;
				CLANG_WARN__DUPLICATE_METHOD_MATCH = YES;
				CODE_SIGN_IDENTITY = "iPhone Developer";
				COPY_PHASE_STRIP = NO;
				DEBUG_INFORMATION_FORMAT = dwarf;
				ENABLE_STRICT_OBJC_MSGSEND = YES;
				ENABLE_TESTABILITY = YES;
				GCC_C_LANGUAGE_STANDARD = gnu11;
				GCC_DYNAMIC_NO_PIC = NO;
				GCC_NO_COMMON_BLOCKS = YES;
				GCC_OPTIMIZATION_LEVEL = 0;
				GCC_PREPROCESSOR_DEFINITIONS = (
					"DEBUG=1",
					"$(inherited)",
				);
				GCC_WARN_64_TO_32_BIT_CONVERSION = YES;
				GCC_WARN_ABOUT_RETURN_TYPE = YES_ERROR;
				GCC_WARN_UNDECLARED_SELECTOR = YES;
				GCC_WARN_UNINITIALIZED_AUTOS = YES_AGGRESSIVE;
				GCC_WARN_UNUSED_FUNCTION = YES;
				GCC_WARN_UNUSED_VARIABLE = YES;
				IPHONEOS_DEPLOYMENT_TARGET = 12.2;
				MTL_ENABLE_DEBUG_INFO = INCLUDE_SOURCE;
				MTL_FAST_MATH = YES;
				ONLY_ACTIVE_ARCH = YES;
				SDKROOT = iphoneos;
			};
			name = Debug;
		};
		A1782AB12284247A00F36329 /* Release */ = {
			isa = XCBuildConfiguration;
			buildSettings = {
				ALWAYS_SEARCH_USER_PATHS = NO;
				CLANG_ANALYZER_NONNULL = YES;
				CLANG_ANALYZER_NUMBER_OBJECT_CONVERSION = YES_AGGRESSIVE;
				CLANG_CXX_LANGUAGE_STANDARD = "gnu++14";
				CLANG_CXX_LIBRARY = "libc++";
				CLANG_ENABLE_MODULES = YES;
				CLANG_ENABLE_OBJC_ARC = YES;
				CLANG_ENABLE_OBJC_WEAK = YES;
				CLANG_WARN_BLOCK_CAPTURE_AUTORELEASING = YES;
				CLANG_WARN_BOOL_CONVERSION = YES;
				CLANG_WARN_COMMA = YES;
				CLANG_WARN_CONSTANT_CONVERSION = YES;
				CLANG_WARN_DEPRECATED_OBJC_IMPLEMENTATIONS = YES;
				CLANG_WARN_DIRECT_OBJC_ISA_USAGE = YES_ERROR;
				CLANG_WARN_DOCUMENTATION_COMMENTS = YES;
				CLANG_WARN_EMPTY_BODY = YES;
				CLANG_WARN_ENUM_CONVERSION = YES;
				CLANG_WARN_INFINITE_RECURSION = YES;
				CLANG_WARN_INT_CONVERSION = YES;
				CLANG_WARN_NON_LITERAL_NULL_CONVERSION = YES;
				CLANG_WARN_OBJC_IMPLICIT_RETAIN_SELF = YES;
				CLANG_WARN_OBJC_LITERAL_CONVERSION = YES;
				CLANG_WARN_OBJC_ROOT_CLASS = YES_ERROR;
				CLANG_WARN_RANGE_LOOP_ANALYSIS = YES;
				CLANG_WARN_STRICT_PROTOTYPES = YES;
				CLANG_WARN_SUSPICIOUS_MOVE = YES;
				CLANG_WARN_UNGUARDED_AVAILABILITY = YES_AGGRESSIVE;
				CLANG_WARN_UNREACHABLE_CODE = YES;
				CLANG_WARN__DUPLICATE_METHOD_MATCH = YES;
				CODE_SIGN_IDENTITY = "iPhone Developer";
				COPY_PHASE_STRIP = NO;
				DEBUG_INFORMATION_FORMAT = "dwarf-with-dsym";
				ENABLE_NS_ASSERTIONS = NO;
				ENABLE_STRICT_OBJC_MSGSEND = YES;
				GCC_C_LANGUAGE_STANDARD = gnu11;
				GCC_NO_COMMON_BLOCKS = YES;
				GCC_WARN_64_TO_32_BIT_CONVERSION = YES;
				GCC_WARN_ABOUT_RETURN_TYPE = YES_ERROR;
				GCC_WARN_UNDECLARED_SELECTOR = YES;
				GCC_WARN_UNINITIALIZED_AUTOS = YES_AGGRESSIVE;
				GCC_WARN_UNUSED_FUNCTION = YES;
				GCC_WARN_UNUSED_VARIABLE = YES;
				IPHONEOS_DEPLOYMENT_TARGET = 12.2;
				MTL_ENABLE_DEBUG_INFO = NO;
				MTL_FAST_MATH = YES;
				SDKROOT = iphoneos;
				VALIDATE_PRODUCT = YES;
			};
			name = Release;
		};
		A1782AB32284247A00F36329 /* Debug */ = {
			isa = XCBuildConfiguration;
			buildSettings = {
				ASSETCATALOG_COMPILER_APPICON_NAME = AppIcon;
				CODE_SIGN_STYLE = Automatic;
				INFOPLIST_FILE = "GCD-lock/Info.plist";
				LD_RUNPATH_SEARCH_PATHS = (
					"$(inherited)",
					"@executable_path/Frameworks",
				);
				PRODUCT_BUNDLE_IDENTIFIER = "com.tdxd.GCD-lock";
				PRODUCT_NAME = "$(TARGET_NAME)";
				TARGETED_DEVICE_FAMILY = "1,2";
			};
			name = Debug;
		};
		A1782AB42284247A00F36329 /* Release */ = {
			isa = XCBuildConfiguration;
			buildSettings = {
				ASSETCATALOG_COMPILER_APPICON_NAME = AppIcon;
				CODE_SIGN_STYLE = Automatic;
				INFOPLIST_FILE = "GCD-lock/Info.plist";
				LD_RUNPATH_SEARCH_PATHS = (
					"$(inherited)",
					"@executable_path/Frameworks",
				);
				PRODUCT_BUNDLE_IDENTIFIER = "com.tdxd.GCD-lock";
				PRODUCT_NAME = "$(TARGET_NAME)";
				TARGETED_DEVICE_FAMILY = "1,2";
			};
			name = Release;
		};
/* End XCBuildConfiguration section */

/* Begin XCConfigurationList section */
		A1782A972284247800F36329 /* Build configuration list for PBXProject "GCD-lock" */ = {
			isa = XCConfigurationList;
			buildConfigurations = (
				A1782AB02284247A00F36329 /* Debug */,
				A1782AB12284247A00F36329 /* Release */,
			);
			defaultConfigurationIsVisible = 0;
			defaultConfigurationName = Release;
		};
		A1782AB22284247A00F36329 /* Build configuration list for PBXNativeTarget "GCD-lock" */ = {
			isa = XCConfigurationList;
			buildConfigurations = (
				A1782AB32284247A00F36329 /* Debug */,
				A1782AB42284247A00F36329 /* Release */,
			);
			defaultConfigurationIsVisible = 0;
			defaultConfigurationName = Release;
		};
/* End XCConfigurationList section */
	};
	rootObject = A1782A942284247800F36329 /* Project object */;
}
